{
  "nodes": {
    "nixpkgs": {
      "locked": {
        "lastModified": 1741227097,
        "narHash": "sha256-NOc6b0+YgZLWADc9qzo2+SKRWJq9usFwJNJo6dIp11Y=",
        "owner": "NixOS",
        "repo": "nixpkgs",
        "rev": "8fe0b9de3200f0da9c830dbd5abad3ab81dab917",
        "type": "github"
      },
      "original": {
        "owner": "NixOS",
        "repo": "nixpkgs",
        "type": "github"
      }
    },
    "root": {
      "inputs": {
        "nixpkgs": "nixpkgs"
      }
    }
  },
  "root": "root",
  "version": 7
}
